<?xml version="1.0" encoding="utf-8"?>
<Project ToolsVersion="4.0" xmlns="http://schemas.microsoft.com/developer/msbuild/2003">
  <ItemGroup>
    <Filter Include="Source Files">
      <UniqueIdentifier>{33e1815d-40f1-4100-9a38-46935da4d19b}</UniqueIdentifier>
      <Extensions>cpp;c;cxx;rc;def;r;odl;idl;hpj;bat</Extensions>
    </Filter>
    <Filter Include="Header Files">
      <UniqueIdentifier>{930ce48f-87fc-4d09-bbae-7985ed37a260}</UniqueIdentifier>
      <Extensions>h;hpp;hxx;hm;inl</Extensions>
    </Filter>
    <Filter Include="Resource Files">
      <UniqueIdentifier>{ba57f58c-78e8-4235-b768-14ba307a4e40}</UniqueIdentifier>
      <Extensions>ico;cur;bmp;dlg;rc2;rct;bin;rgs;gif;jpg;jpeg;jpe</Extensions>
    </Filter>
  </ItemGroup>
  <ItemGroup>
    <ClCompile Include="ChildFrm.cpp">
      <Filter>Source Files</Filter>
    </ClCompile>
    <ClCompile Include="DebugPrintDlg.cpp">
      <Filter>Source Files</Filter>
    </ClCompile>
    <ClCompile Include="EditorView.cpp">
      <Filter>Source Files</Filter>
    </ClCompile>
    <ClCompile Include="iEdit.cpp">
      <Filter>Source Files</Filter>
    </ClCompile>
    <ClCompile Include="iEditDoc.cpp">
      <Filter>Source Files</Filter>
    </ClCompile>
    <ClCompile Include="iLink.cpp">
      <Filter>Source Files</Filter>
    </ClCompile>
    <ClCompile Include="ImportTextDlg.cpp">
      <Filter>Source Files</Filter>
    </ClCompile>
    <ClCompile Include="iNode.cpp">
      <Filter>Source Files</Filter>
    </ClCompile>
    <ClCompile Include="InpcatDlg.cpp">
      <Filter>Source Files</Filter>
    </ClCompile>
    <ClCompile Include="InpcnDlg.cpp">
      <Filter>Source Files</Filter>
    </ClCompile>
    <ClCompile Include="LinkInfo2Dlg.cpp">
      <Filter>Source Files</Filter>
    </ClCompile>
    <ClCompile Include="LinkInfoDlg.cpp">
      <Filter>Source Files</Filter>
    </ClCompile>
    <ClCompile Include="LinkView.cpp">
      <Filter>Source Files</Filter>
    </ClCompile>
    <ClCompile Include="MainFrm.cpp">
      <Filter>Source Files</Filter>
    </ClCompile>
    <ClCompile Include="MfSizer.cpp">
      <Filter>Source Files</Filter>
    </ClCompile>
    <ClCompile Include="NetView.cpp">
      <Filter>Source Files</Filter>
    </ClCompile>
    <ClCompile Include="nodePropDlg.cpp">
      <Filter>Source Files</Filter>
    </ClCompile>
    <ClCompile Include="nodeSrchDlg.cpp">
      <Filter>Source Files</Filter>
    </ClCompile>
    <ClCompile Include="OnProcDlg.cpp">
      <Filter>Source Files</Filter>
    </ClCompile>
    <ClCompile Include="OutLineView.cpp">
      <Filter>Source Files</Filter>
    </ClCompile>
    <ClCompile Include="PageFrame.cpp">
      <Filter>Source Files</Filter>
    </ClCompile>
    <ClCompile Include="PageLink.cpp">
      <Filter>Source Files</Filter>
    </ClCompile>
    <ClCompile Include="PageNode.cpp">
      <Filter>Source Files</Filter>
    </ClCompile>
    <ClCompile Include="PageOther.cpp">
      <Filter>Source Files</Filter>
    </ClCompile>
    <ClCompile Include="PropertyDlg.cpp">
      <Filter>Source Files</Filter>
    </ClCompile>
    <ClCompile Include="RectTrackerPlus.cpp">
      <Filter>Source Files</Filter>
    </ClCompile>
    <ClCompile Include="RelaxThrd.cpp">
      <Filter>Source Files</Filter>
    </ClCompile>
    <ClCompile Include="SelExportDlg.cpp">
      <Filter>Source Files</Filter>
    </ClCompile>
    <ClCompile Include="SelFileDropDlg.cpp">
      <Filter>Source Files</Filter>
    </ClCompile>
    <ClCompile Include="SelImportDlg.cpp">
      <Filter>Source Files</Filter>
    </ClCompile>
    <ClCompile Include="SetAlphaDlg.cpp">
      <Filter>Source Files</Filter>
    </ClCompile>
    <ClCompile Include="setFoldUpDlg.cpp">
      <Filter>Source Files</Filter>
    </ClCompile>
    <ClCompile Include="SetHtmlExportDlg.cpp">
      <Filter>Source Files</Filter>
    </ClCompile>
    <ClCompile Include="SetMarginDlg.cpp">
      <Filter>Source Files</Filter>
    </ClCompile>
    <ClCompile Include="SetMFSizeDlg.cpp">
      <Filter>Source Files</Filter>
    </ClCompile>
    <ClCompile Include="shapeInsDlg.cpp">
      <Filter>Source Files</Filter>
    </ClCompile>
    <ClCompile Include="shapesDlg.cpp">
      <Filter>Source Files</Filter>
    </ClCompile>
    <ClCompile Include="Splash.cpp">
      <Filter>Source Files</Filter>
    </ClCompile>
    <ClCompile Include="StdAfx.cpp">
      <Filter>Source Files</Filter>
    </ClCompile>
    <ClCompile Include="SvgWriter.cpp">
      <Filter>Source Files</Filter>
    </ClCompile>
    <ClCompile Include="TabSeet.cpp">
      <Filter>Source Files</Filter>
    </ClCompile>
    <ClCompile Include="Token.cpp">
      <Filter>Source Files</Filter>
    </ClCompile>
    <ClCompile Include="Utilities.cpp">
      <Filter>Source Files</Filter>
    </ClCompile>
    <ClCompile Include="FiletypeSettingDlg.cpp">
      <Filter>Source Files</Filter>
    </ClCompile>
  </ItemGroup>
  <ItemGroup>
    <ResourceCompile Include="iEdit.rc">
      <Filter>Source Files</Filter>
    </ResourceCompile>
  </ItemGroup>
  <ItemGroup>
    <ClInclude Include="ChildFrm.h">
      <Filter>Header Files</Filter>
    </ClInclude>
    <ClInclude Include="DebugPrintDlg.h">
      <Filter>Header Files</Filter>
    </ClInclude>
    <ClInclude Include="EditorView.h">
      <Filter>Header Files</Filter>
    </ClInclude>
    <ClInclude Include="iEdit.h">
      <Filter>Header Files</Filter>
    </ClInclude>
    <ClInclude Include="iEditDoc.h">
      <Filter>Header Files</Filter>
    </ClInclude>
    <ClInclude Include="iLink.h">
      <Filter>Header Files</Filter>
    </ClInclude>
    <ClInclude Include="ImportTextDlg.h">
      <Filter>Header Files</Filter>
    </ClInclude>
    <ClInclude Include="iNode.h">
      <Filter>Header Files</Filter>
    </ClInclude>
    <ClInclude Include="InpcatDlg.h">
      <Filter>Header Files</Filter>
    </ClInclude>
    <ClInclude Include="InpcnDlg.h">
      <Filter>Header Files</Filter>
    </ClInclude>
    <ClInclude Include="LinkInfo2Dlg.h">
      <Filter>Header Files</Filter>
    </ClInclude>
    <ClInclude Include="LinkInfoDlg.h">
      <Filter>Header Files</Filter>
    </ClInclude>
    <ClInclude Include="LinkView.h">
      <Filter>Header Files</Filter>
    </ClInclude>
    <ClInclude Include="MainFrm.h">
      <Filter>Header Files</Filter>
    </ClInclude>
    <ClInclude Include="MfSizer.h">
      <Filter>Header Files</Filter>
    </ClInclude>
    <ClInclude Include="NetView.h">
      <Filter>Header Files</Filter>
    </ClInclude>
    <ClInclude Include="nodePropDlg.h">
      <Filter>Header Files</Filter>
    </ClInclude>
    <ClInclude Include="nodeSrchDlg.h">
      <Filter>Header Files</Filter>
    </ClInclude>
    <ClInclude Include="OnProcDlg.h">
      <Filter>Header Files</Filter>
    </ClInclude>
    <ClInclude Include="OutLineView.h">
      <Filter>Header Files</Filter>
    </ClInclude>
    <ClInclude Include="PageFrame.h">
      <Filter>Header Files</Filter>
    </ClInclude>
    <ClInclude Include="PageLink.h">
      <Filter>Header Files</Filter>
    </ClInclude>
    <ClInclude Include="PageNode.h">
      <Filter>Header Files</Filter>
    </ClInclude>
    <ClInclude Include="PageOther.h">
      <Filter>Header Files</Filter>
    </ClInclude>
    <ClInclude Include="PropertyDlg.h">
      <Filter>Header Files</Filter>
    </ClInclude>
    <ClInclude Include="RectTrackerPlus.h">
      <Filter>Header Files</Filter>
    </ClInclude>
    <ClInclude Include="RelaxThrd.h">
      <Filter>Header Files</Filter>
    </ClInclude>
    <ClInclude Include="Resource.h">
      <Filter>Header Files</Filter>
    </ClInclude>
    <ClInclude Include="SelExportDlg.h">
      <Filter>Header Files</Filter>
    </ClInclude>
    <ClInclude Include="SelFileDropDlg.h">
      <Filter>Header Files</Filter>
    </ClInclude>
    <ClInclude Include="SelImportDlg.h">
      <Filter>Header Files</Filter>
    </ClInclude>
    <ClInclude Include="SetAlphaDlg.h">
      <Filter>Header Files</Filter>
    </ClInclude>
    <ClInclude Include="setFoldUpDlg.h">
      <Filter>Header Files</Filter>
    </ClInclude>
    <ClInclude Include="SetHtmlExportDlg.h">
      <Filter>Header Files</Filter>
    </ClInclude>
    <ClInclude Include="SetMarginDlg.h">
      <Filter>Header Files</Filter>
    </ClInclude>
    <ClInclude Include="SetMFSizeDlg.h">
      <Filter>Header Files</Filter>
    </ClInclude>
    <ClInclude Include="shapeInsDlg.h">
      <Filter>Header Files</Filter>
    </ClInclude>
    <ClInclude Include="shapesDlg.h">
      <Filter>Header Files</Filter>
    </ClInclude>
    <ClInclude Include="Splash.h">
      <Filter>Header Files</Filter>
    </ClInclude>
    <ClInclude Include="StdAfx.h">
      <Filter>Header Files</Filter>
    </ClInclude>
    <ClInclude Include="SvgWriter.h">
      <Filter>Header Files</Filter>
    </ClInclude>
    <ClInclude Include="TabSeet.h">
      <Filter>Header Files</Filter>
    </ClInclude>
    <ClInclude Include="Token.h">
      <Filter>Header Files</Filter>
    </ClInclude>
    <ClInclude Include="Utilities.h">
      <Filter>Header Files</Filter>
    </ClInclude>
    <ClInclude Include="FiletypeSettingDlg.h">
      <Filter>Header Files</Filter>
    </ClInclude>
  </ItemGroup>
  <ItemGroup>
    <None Include="res\arc.cur">
      <Filter>Resource Files</Filter>
    </None>
    <None Include="res\bitmap1.bmp">
      <Filter>Resource Files</Filter>
    </None>
    <None Include="res\bmp_tb_form.bmp">
      <Filter>Resource Files</Filter>
    </None>
    <None Include="res\cur00001.cur">
      <Filter>Resource Files</Filter>
    </None>
    <None Include="res\cur00002.cur">
      <Filter>Resource Files</Filter>
    </None>
    <None Include="res\cur00003.cur">
      <Filter>Resource Files</Filter>
    </None>
    <None Include="res\cur00004.cur">
      <Filter>Resource Files</Filter>
    </None>
    <None Include="res\cur00005.cur">
      <Filter>Resource Files</Filter>
    </None>
    <None Include="res\cursor1.cur">
      <Filter>Resource Files</Filter>
    </None>
    <None Include="res\cursor2.cur">
      <Filter>Resource Files</Filter>
    </None>
    <None Include="res\hand_clo.cur">
      <Filter>Resource Files</Filter>
    </None>
    <None Include="res\icon1.ico">
      <Filter>Resource Files</Filter>
    </None>
    <None Include="res\iEdit.ico">
      <Filter>Resource Files</Filter>
    </None>
    <None Include="res\iEdit.rc2">
      <Filter>Resource Files</Filter>
    </None>
    <None Include="res\iEditDoc.ico">
      <Filter>Resource Files</Filter>
    </None>
    <None Include="res\iEditDoc_old.ico">
      <Filter>Resource Files</Filter>
    </None>
    <None Include="res\link.cur">
      <Filter>Resource Files</Filter>
    </None>
    <None Include="res\links.bmp">
      <Filter>Resource Files</Filter>
    </None>
    <None Include="res\linktree.cur">
      <Filter>Resource Files</Filter>
    </None>
    <None Include="res\logo.bmp">
      <Filter>Resource Files</Filter>
    </None>
    <None Include="res\pointer_.cur">
      <Filter>Resource Files</Filter>
    </None>
    <None Include="res\ptr_move.cur">
      <Filter>Resource Files</Filter>
    </None>
    <None Include="res\rect.cur">
      <Filter>Resource Files</Filter>
    </None>
    <None Include="res\Toolbar.bmp">
      <Filter>Resource Files</Filter>
    </None>
    <None Include="res\tree.bmp">
      <Filter>Resource Files</Filter>
    </None>
    <None Include="ClassDiagram1.cd" />
    <None Include="iEdit.reg" />
    <None Include="ReadMe.txt" />
  </ItemGroup>
</Project>