<?xml version="1.0" encoding="utf-8"?>
<Project ToolsVersion="4.0" xmlns="http://schemas.microsoft.com/developer/msbuild/2003">
  <ItemGroup>
    <Filter Include="Source Files">
      <UniqueIdentifier>{8bdbda30-957f-4432-99bc-b35508369048}</UniqueIdentifier>
      <Extensions>cpp;c;cxx;rc;def;r;odl;idl;hpj;bat</Extensions>
    </Filter>
    <Filter Include="Header Files">
      <UniqueIdentifier>{8b2aedc8-20e6-4cc3-8682-eda699256370}</UniqueIdentifier>
      <Extensions>h;hpp;hxx;hm;inl</Extensions>
    </Filter>
    <Filter Include="Resource Files">
      <UniqueIdentifier>{49189e4b-115c-40ad-9c07-a7d47bad0100}</UniqueIdentifier>
      <Extensions>ico;cur;bmp;dlg;rc2;rct;bin;rgs;gif;jpg;jpeg;jpe</Extensions>
    </Filter>
  </ItemGroup>
  <ItemGroup>
    <ClCompile Include="ChildFrm.cpp">
      <Filter>Source Files</Filter>
    </ClCompile>
    <ClCompile Include="EditorView.cpp">
      <Filter>Source Files</Filter>
    </ClCompile>
    <ClCompile Include="iEdit.cpp">
      <Filter>Source Files</Filter>
    </ClCompile>
    <ClCompile Include="iEditDoc.cpp">
      <Filter>Source Files</Filter>
    </ClCompile>
    <ClCompile Include="iLink.cpp">
      <Filter>Source Files</Filter>
    </ClCompile>
    <ClCompile Include="ImportTextDlg.cpp">
      <Filter>Source Files</Filter>
    </ClCompile>
    <ClCompile Include="iNode.cpp">
      <Filter>Source Files</Filter>
    </ClCompile>
    <ClCompile Include="LinkInfo2Dlg.cpp">
      <Filter>Source Files</Filter>
    </ClCompile>
    <ClCompile Include="LinkInfoDlg.cpp">
      <Filter>Source Files</Filter>
    </ClCompile>
    <ClCompile Include="LinkView.cpp">
      <Filter>Source Files</Filter>
    </ClCompile>
    <ClCompile Include="MainFrm.cpp">
      <Filter>Source Files</Filter>
    </ClCompile>
    <ClCompile Include="MfSizer.cpp">
      <Filter>Source Files</Filter>
    </ClCompile>
    <ClCompile Include="NetView.cpp">
      <Filter>Source Files</Filter>
    </ClCompile>
    <ClCompile Include="OutLineView.cpp">
      <Filter>Source Files</Filter>
    </ClCompile>
    <ClCompile Include="PageFrame.cpp">
      <Filter>Source Files</Filter>
    </ClCompile>
    <ClCompile Include="PageLink.cpp">
      <Filter>Source Files</Filter>
    </ClCompile>
    <ClCompile Include="PageNode.cpp">
      <Filter>Source Files</Filter>
    </ClCompile>
    <ClCompile Include="PageOther.cpp">
      <Filter>Source Files</Filter>
    </ClCompile>
    <ClCompile Include="RectTrackerPlus.cpp">
      <Filter>Source Files</Filter>
    </ClCompile>
    <ClCompile Include="RelaxThrd.cpp">
      <Filter>Source Files</Filter>
    </ClCompile>
    <ClCompile Include="SetMFSizeDlg.cpp">
      <Filter>Source Files</Filter>
    </ClCompile>
    <ClCompile Include="Splash.cpp">
      <Filter>Source Files</Filter>
    </ClCompile>
    <ClCompile Include="StdAfx.cpp">
      <Filter>Source Files</Filter>
    </ClCompile>
    <ClCompile Include="SvgWriter.cpp">
      <Filter>Source Files</Filter>
    </ClCompile>
    <ClCompile Include="SystemConfiguration.cpp">
      <Filter>Source Files</Filter>
    </ClCompile>
    <ClCompile Include="TabSeet.cpp">
      <Filter>Source Files</Filter>
    </ClCompile>
    <ClCompile Include="Token.cpp">
      <Filter>Source Files</Filter>
    </ClCompile>
    <ClCompile Include="Utilities.cpp">
      <Filter>Source Files</Filter>
    </ClCompile>
    <ClCompile Include="NodePropDlg.cpp">
      <Filter>Source Files</Filter>
    </ClCompile>
    <ClCompile Include="NodeSearchDlg.cpp">
      <Filter>Source Files</Filter>
    </ClCompile>
    <ClCompile Include="ShapeInsertDlg.cpp">
      <Filter>Source Files</Filter>
    </ClCompile>
    <ClCompile Include="ShapesDlg.cpp">
      <Filter>Source Files</Filter>
    </ClCompile>
    <ClCompile Include="FoldingSettingsDlg.cpp">
      <Filter>Source Files</Filter>
    </ClCompile>
    <ClCompile Include="ExportTextDlg.cpp">
      <Filter>Source Files</Filter>
    </ClCompile>
    <ClCompile Include="ExportXmlDlg.cpp">
      <Filter>Source Files</Filter>
    </ClCompile>
    <ClCompile Include="ExportHtmlDlg.cpp">
      <Filter>Source Files</Filter>
    </ClCompile>
    <ClCompile Include="CreateNodeDlg.cpp">
      <Filter>Source Files</Filter>
    </ClCompile>
    <ClCompile Include="EditShapeCategoryDlg.cpp">
      <Filter>Source Files</Filter>
    </ClCompile>
    <ClCompile Include="ProceedingDlg.cpp">
      <Filter>Source Files</Filter>
    </ClCompile>
    <ClCompile Include="OptionSettingsDlg.cpp">
      <Filter>Source Files</Filter>
    </ClCompile>
    <ClCompile Include="FiletypeSettingsDlg.cpp">
      <Filter>Source Files</Filter>
    </ClCompile>
    <ClCompile Include="ImportXmlDlg.cpp">
      <Filter>Source Files</Filter>
    </ClCompile>
    <ClCompile Include="FileDropActionDlg.cpp">
      <Filter>Source Files</Filter>
    </ClCompile>
    <ClCompile Include="WndTransparencySettingsDlg.cpp">
      <Filter>Source Files</Filter>
    </ClCompile>
    <ClCompile Include="NodeMarginSettingsDlg.cpp">
      <Filter>Source Files</Filter>
    </ClCompile>
  </ItemGroup>
  <ItemGroup>
    <ResourceCompile Include="iEdit.rc">
      <Filter>Source Files</Filter>
    </ResourceCompile>
  </ItemGroup>
  <ItemGroup>
    <ClInclude Include="ChildFrm.h">
      <Filter>Header Files</Filter>
    </ClInclude>
    <ClInclude Include="EditorView.h">
      <Filter>Header Files</Filter>
    </ClInclude>
    <ClInclude Include="iEdit.h">
      <Filter>Header Files</Filter>
    </ClInclude>
    <ClInclude Include="iEditDoc.h">
      <Filter>Header Files</Filter>
    </ClInclude>
    <ClInclude Include="iLink.h">
      <Filter>Header Files</Filter>
    </ClInclude>
    <ClInclude Include="ImportTextDlg.h">
      <Filter>Header Files</Filter>
    </ClInclude>
    <ClInclude Include="iNode.h">
      <Filter>Header Files</Filter>
    </ClInclude>
    <ClInclude Include="LinkInfo2Dlg.h">
      <Filter>Header Files</Filter>
    </ClInclude>
    <ClInclude Include="LinkInfoDlg.h">
      <Filter>Header Files</Filter>
    </ClInclude>
    <ClInclude Include="LinkView.h">
      <Filter>Header Files</Filter>
    </ClInclude>
    <ClInclude Include="MainFrm.h">
      <Filter>Header Files</Filter>
    </ClInclude>
    <ClInclude Include="MfSizer.h">
      <Filter>Header Files</Filter>
    </ClInclude>
    <ClInclude Include="NetView.h">
      <Filter>Header Files</Filter>
    </ClInclude>
    <ClInclude Include="OutLineView.h">
      <Filter>Header Files</Filter>
    </ClInclude>
    <ClInclude Include="PageFrame.h">
      <Filter>Header Files</Filter>
    </ClInclude>
    <ClInclude Include="PageLink.h">
      <Filter>Header Files</Filter>
    </ClInclude>
    <ClInclude Include="PageNode.h">
      <Filter>Header Files</Filter>
    </ClInclude>
    <ClInclude Include="PageOther.h">
      <Filter>Header Files</Filter>
    </ClInclude>
    <ClInclude Include="RectTrackerPlus.h">
      <Filter>Header Files</Filter>
    </ClInclude>
    <ClInclude Include="RelaxThrd.h">
      <Filter>Header Files</Filter>
    </ClInclude>
    <ClInclude Include="Resource.h">
      <Filter>Header Files</Filter>
    </ClInclude>
    <ClInclude Include="SetMFSizeDlg.h">
      <Filter>Header Files</Filter>
    </ClInclude>
    <ClInclude Include="Splash.h">
      <Filter>Header Files</Filter>
    </ClInclude>
    <ClInclude Include="StdAfx.h">
      <Filter>Header Files</Filter>
    </ClInclude>
    <ClInclude Include="SvgWriter.h">
      <Filter>Header Files</Filter>
    </ClInclude>
    <ClInclude Include="SystemConfiguration.h">
      <Filter>Header Files</Filter>
    </ClInclude>
    <ClInclude Include="TabSeet.h">
      <Filter>Header Files</Filter>
    </ClInclude>
    <ClInclude Include="Token.h">
      <Filter>Header Files</Filter>
    </ClInclude>
    <ClInclude Include="Utilities.h">
      <Filter>Header Files</Filter>
    </ClInclude>
    <ClInclude Include="NodePropDlg.h">
      <Filter>Header Files</Filter>
    </ClInclude>
    <ClInclude Include="NodeSearchDlg.h">
      <Filter>Header Files</Filter>
    </ClInclude>
    <ClInclude Include="ShapeInsertDlg.h">
      <Filter>Header Files</Filter>
    </ClInclude>
    <ClInclude Include="ShapesDlg.h">
      <Filter>Header Files</Filter>
    </ClInclude>
    <ClInclude Include="FoldingSettingsDlg.h">
      <Filter>Header Files</Filter>
    </ClInclude>
    <ClInclude Include="ExportTextDlg.h">
      <Filter>Header Files</Filter>
    </ClInclude>
    <ClInclude Include="ExportXmlDlg.h">
      <Filter>Header Files</Filter>
    </ClInclude>
    <ClInclude Include="ExportHtmlDlg.h">
      <Filter>Header Files</Filter>
    </ClInclude>
    <ClInclude Include="CreateNodeDlg.h">
      <Filter>Header Files</Filter>
    </ClInclude>
    <ClInclude Include="EditShapeCategoryDlg.h">
      <Filter>Header Files</Filter>
    </ClInclude>
    <ClInclude Include="ProceedingDlg.h">
      <Filter>Header Files</Filter>
    </ClInclude>
    <ClInclude Include="OptionSettingsDlg.h">
      <Filter>Header Files</Filter>
    </ClInclude>
    <ClInclude Include="FiletypeSettingsDlg.h">
      <Filter>Header Files</Filter>
    </ClInclude>
    <ClInclude Include="ImportXmlDlg.h">
      <Filter>Header Files</Filter>
    </ClInclude>
    <ClInclude Include="FileDropActionDlg.h">
      <Filter>Header Files</Filter>
    </ClInclude>
    <ClInclude Include="WndTransparencySettingsDlg.h">
      <Filter>Header Files</Filter>
    </ClInclude>
    <ClInclude Include="NodeMarginSettingsDlg.h">
      <Filter>Header Files</Filter>
    </ClInclude>
  </ItemGroup>
  <ItemGroup>
    <None Include="res\arc.cur">
      <Filter>Resource Files</Filter>
    </None>
    <None Include="res\cur00001.cur">
      <Filter>Resource Files</Filter>
    </None>
    <None Include="res\cur00002.cur">
      <Filter>Resource Files</Filter>
    </None>
    <None Include="res\cur00003.cur">
      <Filter>Resource Files</Filter>
    </None>
    <None Include="res\cur00004.cur">
      <Filter>Resource Files</Filter>
    </None>
    <None Include="res\cur00005.cur">
      <Filter>Resource Files</Filter>
    </None>
    <None Include="res\cursor1.cur">
      <Filter>Resource Files</Filter>
    </None>
    <None Include="res\cursor2.cur">
      <Filter>Resource Files</Filter>
    </None>
    <None Include="res\hand_clo.cur">
      <Filter>Resource Files</Filter>
    </None>
    <None Include="res\iEdit.rc2">
      <Filter>Resource Files</Filter>
    </None>
    <None Include="res\link.cur">
      <Filter>Resource Files</Filter>
    </None>
    <None Include="res\linktree.cur">
      <Filter>Resource Files</Filter>
    </None>
    <None Include="res\pointer_.cur">
      <Filter>Resource Files</Filter>
    </None>
    <None Include="res\ptr_move.cur">
      <Filter>Resource Files</Filter>
    </None>
    <None Include="res\rect.cur">
      <Filter>Resource Files</Filter>
    </None>
  </ItemGroup>
  <ItemGroup>
    <Image Include="res\bitmap1.bmp">
      <Filter>Resource Files</Filter>
    </Image>
    <Image Include="res\bmp_tb_form.bmp">
      <Filter>Resource Files</Filter>
    </Image>
    <Image Include="res\icon1.ico">
      <Filter>Resource Files</Filter>
    </Image>
    <Image Include="res\iEdit.ico">
      <Filter>Resource Files</Filter>
    </Image>
    <Image Include="res\iEditDoc.ico">
      <Filter>Resource Files</Filter>
    </Image>
    <Image Include="res\iEditDoc_old.ico">
      <Filter>Resource Files</Filter>
    </Image>
    <Image Include="res\links.bmp">
      <Filter>Resource Files</Filter>
    </Image>
    <Image Include="res\logo.bmp">
      <Filter>Resource Files</Filter>
    </Image>
    <Image Include="res\Toolbar.bmp">
      <Filter>Resource Files</Filter>
    </Image>
    <Image Include="res\tree.bmp">
      <Filter>Resource Files</Filter>
    </Image>
  </ItemGroup>
</Project>